
Microsoft Visual Studio Solution File, Format Version 12.00
# Visual Studio Version 17
VisualStudioVersion = 17.0.31611.283
MinimumVisualStudioVersion = 10.0.40219.1
Project("{9A19103F-16F7-4668-BE54-9A1E7A4F7556}") = "ManagPassWord", "ManagPassWord\ManagPassWord.csproj", "{9D7EC157-CAB4-4E4D-A050-8BBBB800014D}"
EndProject
Project("{9A19103F-16F7-4668-BE54-9A1E7A4F7556}") = "MVVM", "MVVM\MVVM.csproj", "{48D72628-11D5-42E0-A6D6-655DFE1E73B0}"
EndProject
Project("{9A19103F-16F7-4668-BE54-9A1E7A4F7556}") = "PurchaseManagement", "PurchaseManagement\PurchaseManagement.csproj", "{F9006C82-8896-4EAE-980B-3F6656CA8794}"
EndProject
Project("{2150E333-8FDC-42A3-9474-1A3956D46DE8}") = "Tests", "Tests", "{95CB6123-1F8E-44F3-9DA3-B2E324306BD9}"
EndProject
Project("{9A19103F-16F7-4668-BE54-9A1E7A4F7556}") = "PurchaseManagement.Test", "PurchaseManagement.Test\PurchaseManagement.Test.csproj", "{245E6808-5B66-4C65-B159-59AFB057B906}"
EndProject
Project("{9A19103F-16F7-4668-BE54-9A1E7A4F7556}") = "Patterns", "Patterns\Patterns.csproj", "{A280B688-EBED-45A7-A53A-A7AFACE935DB}"
EndProject
Global
	GlobalSection(SolutionConfigurationPlatforms) = preSolution
		Debug|Any CPU = Debug|Any CPU
		Release|Any CPU = Release|Any CPU
	EndGlobalSection
	GlobalSection(ProjectConfigurationPlatforms) = postSolution
		{9D7EC157-CAB4-4E4D-A050-8BBBB800014D}.Debug|Any CPU.ActiveCfg = Debug|Any CPU
		{9D7EC157-CAB4-4E4D-A050-8BBBB800014D}.Debug|Any CPU.Build.0 = Debug|Any CPU
		{9D7EC157-CAB4-4E4D-A050-8BBBB800014D}.Debug|Any CPU.Deploy.0 = Debug|Any CPU
		{9D7EC157-CAB4-4E4D-A050-8BBBB800014D}.Release|Any CPU.ActiveCfg = Release|Any CPU
		{9D7EC157-CAB4-4E4D-A050-8BBBB800014D}.Release|Any CPU.Build.0 = Release|Any CPU
		{9D7EC157-CAB4-4E4D-A050-8BBBB800014D}.Release|Any CPU.Deploy.0 = Release|Any CPU
		{48D72628-11D5-42E0-A6D6-655DFE1E73B0}.Debug|Any CPU.ActiveCfg = Debug|Any CPU
		{48D72628-11D5-42E0-A6D6-655DFE1E73B0}.Debug|Any CPU.Build.0 = Debug|Any CPU
		{48D72628-11D5-42E0-A6D6-655DFE1E73B0}.Release|Any CPU.ActiveCfg = Release|Any CPU
		{48D72628-11D5-42E0-A6D6-655DFE1E73B0}.Release|Any CPU.Build.0 = Release|Any CPU
		{F9006C82-8896-4EAE-980B-3F6656CA8794}.Debug|Any CPU.ActiveCfg = Debug|Any CPU
		{F9006C82-8896-4EAE-980B-3F6656CA8794}.Debug|Any CPU.Build.0 = Debug|Any CPU
		{F9006C82-8896-4EAE-980B-3F6656CA8794}.Debug|Any CPU.Deploy.0 = Debug|Any CPU
		{F9006C82-8896-4EAE-980B-3F6656CA8794}.Release|Any CPU.ActiveCfg = Release|Any CPU
		{F9006C82-8896-4EAE-980B-3F6656CA8794}.Release|Any CPU.Build.0 = Release|Any CPU
		{F9006C82-8896-4EAE-980B-3F6656CA8794}.Release|Any CPU.Deploy.0 = Release|Any CPU
		{245E6808-5B66-4C65-B159-59AFB057B906}.Debug|Any CPU.ActiveCfg = Debug|Any CPU
		{245E6808-5B66-4C65-B159-59AFB057B906}.Debug|Any CPU.Build.0 = Debug|Any CPU
		{245E6808-5B66-4C65-B159-59AFB057B906}.Release|Any CPU.ActiveCfg = Release|Any CPU
		{245E6808-5B66-4C65-B159-59AFB057B906}.Release|Any CPU.Build.0 = Release|Any CPU
		{A280B688-EBED-45A7-A53A-A7AFACE935DB}.Debug|Any CPU.ActiveCfg = Debug|Any CPU
		{A280B688-EBED-45A7-A53A-A7AFACE935DB}.Debug|Any CPU.Build.0 = Debug|Any CPU
		{A280B688-EBED-45A7-A53A-A7AFACE935DB}.Release|Any CPU.ActiveCfg = Release|Any CPU
		{A280B688-EBED-45A7-A53A-A7AFACE935DB}.Release|Any CPU.Build.0 = Release|Any CPU
	EndGlobalSection
	GlobalSection(SolutionProperties) = preSolution
		HideSolutionNode = FALSE
	EndGlobalSection
	GlobalSection(NestedProjects) = preSolution
		{245E6808-5B66-4C65-B159-59AFB057B906} = {95CB6123-1F8E-44F3-9DA3-B2E324306BD9}
	EndGlobalSection
	GlobalSection(ExtensibilityGlobals) = postSolution
		SolutionGuid = {61F7FB11-1E47-470C-91E2-47F8143E1572}
	EndGlobalSection
EndGlobal
