
Microsoft Visual Studio Solution File, Format Version 12.00
# Visual Studio Version 17
VisualStudioVersion = 17.5.002.0
MinimumVisualStudioVersion = 10.0.40219.1
Project("{9A19103F-16F7-4668-BE54-9A1E7A4F7556}") = "PurchaseManagement", "PurchaseManagement.csproj", "{4373A16F-B0F2-4D7A-9736-7FD929E28C4F}"
EndProject
Global
	GlobalSection(SolutionConfigurationPlatforms) = preSolution
		Debug|Any CPU = Debug|Any CPU
		Release|Any CPU = Release|Any CPU
	EndGlobalSection
	GlobalSection(ProjectConfigurationPlatforms) = postSolution
		{4373A16F-B0F2-4D7A-9736-7FD929E28C4F}.Debug|Any CPU.ActiveCfg = Debug|Any CPU
		{4373A16F-B0F2-4D7A-9736-7FD929E28C4F}.Debug|Any CPU.Build.0 = Debug|Any CPU
		{4373A16F-B0F2-4D7A-9736-7FD929E28C4F}.Release|Any CPU.ActiveCfg = Release|Any CPU
		{4373A16F-B0F2-4D7A-9736-7FD929E28C4F}.Release|Any CPU.Build.0 = Release|Any CPU
	EndGlobalSection
	GlobalSection(SolutionProperties) = preSolution
		HideSolutionNode = FALSE
	EndGlobalSection
	GlobalSection(ExtensibilityGlobals) = postSolution
		SolutionGuid = {6AF45CE7-3BB6-4E75-BC45-39E972F692FA}
	EndGlobalSection
EndGlobal
